
Microsoft Visual Studio Solution File, Format Version 12.00
# Visual Studio Version 17
VisualStudioVersion = 17.13.35931.197
MinimumVisualStudioVersion = 10.0.40219.1
Project("{8BC9CEB8-8B4A-11D0-8D11-00A0C91BC942}") = "MiniSolarSystem", "MiniSolarSystem\MiniSolarSystem.vcxproj", "{0000D25A-7CAF-45D1-BDBE-22296773C822}"
EndProject
Project("{8BC9CEB8-8B4A-11D0-8D11-00A0C91BC942}") = "D2DEngineLib", "D2DEngineLib\D2DEngineLib.vcxproj", "{640BB9B3-1086-4B8A-9B9C-C72DBEE91C55}"
EndProject
Project("{2150E333-8FDC-42A3-9474-1A3956D46DE8}") = "01_Projects", "01_Projects", "{C8D5274F-AC00-46C7-1F8D-E88E81087A52}"
EndProject
Project("{2150E333-8FDC-42A3-9474-1A3956D46DE8}") = "99_Libraries", "99_Libraries", "{A5681C10-9690-44D3-B440-FC890219A766}"
EndProject
Project("{8BC9CEB8-8B4A-11D0-8D11-00A0C91BC942}") = "JC_Part", "JC_Part\JC_Part.vcxproj", "{59206217-B0D5-42A1-9565-C9E10F33E3A0}"
EndProject
Project("{8BC9CEB8-8B4A-11D0-8D11-00A0C91BC942}") = "PhysicsTest", "PhysicsTest\PhysicsTest.vcxproj", "{9E1BDF37-92C5-4373-A8BF-B3413D10A302}"
EndProject
Project("{8BC9CEB8-8B4A-11D0-8D11-00A0C91BC942}") = "PlayerWorkspace", "PlayerWorkspace\PlayerWorkspace.vcxproj", "{7AA93701-F2E9-4BDD-8B0C-5BAB0E4DB0C5}"
EndProject
Project("{8BC9CEB8-8B4A-11D0-8D11-00A0C91BC942}") = "KangJin_Map_Test", "KangJin_Map_Test\KangJin_Map_Test.vcxproj", "{2130EC95-E195-46EB-8892-74AD9BFA1B6A}"
EndProject
Project("{8BC9CEB8-8B4A-11D0-8D11-00A0C91BC942}") = "CombatTest", "CombatTest\CombatTest.vcxproj", "{06E73B2B-3B0A-4C52-9523-1EC9545E75A2}"
EndProject
Global
	GlobalSection(SolutionConfigurationPlatforms) = preSolution
		Debug|x64 = Debug|x64
		Debug|x86 = Debug|x86
		Release|x64 = Release|x64
		Release|x86 = Release|x86
	EndGlobalSection
	GlobalSection(ProjectConfigurationPlatforms) = postSolution
		{0000D25A-7CAF-45D1-BDBE-22296773C822}.Debug|x64.ActiveCfg = Debug|x64
		{0000D25A-7CAF-45D1-BDBE-22296773C822}.Debug|x64.Build.0 = Debug|x64
		{0000D25A-7CAF-45D1-BDBE-22296773C822}.Debug|x86.ActiveCfg = Debug|Win32
		{0000D25A-7CAF-45D1-BDBE-22296773C822}.Debug|x86.Build.0 = Debug|Win32
		{0000D25A-7CAF-45D1-BDBE-22296773C822}.Release|x64.ActiveCfg = Release|x64
		{0000D25A-7CAF-45D1-BDBE-22296773C822}.Release|x64.Build.0 = Release|x64
		{0000D25A-7CAF-45D1-BDBE-22296773C822}.Release|x86.ActiveCfg = Release|Win32
		{0000D25A-7CAF-45D1-BDBE-22296773C822}.Release|x86.Build.0 = Release|Win32
		{640BB9B3-1086-4B8A-9B9C-C72DBEE91C55}.Debug|x64.ActiveCfg = Debug|x64
		{640BB9B3-1086-4B8A-9B9C-C72DBEE91C55}.Debug|x64.Build.0 = Debug|x64
		{640BB9B3-1086-4B8A-9B9C-C72DBEE91C55}.Debug|x86.ActiveCfg = Debug|Win32
		{640BB9B3-1086-4B8A-9B9C-C72DBEE91C55}.Debug|x86.Build.0 = Debug|Win32
		{640BB9B3-1086-4B8A-9B9C-C72DBEE91C55}.Release|x64.ActiveCfg = Release|x64
		{640BB9B3-1086-4B8A-9B9C-C72DBEE91C55}.Release|x64.Build.0 = Release|x64
		{640BB9B3-1086-4B8A-9B9C-C72DBEE91C55}.Release|x86.ActiveCfg = Release|Win32
		{640BB9B3-1086-4B8A-9B9C-C72DBEE91C55}.Release|x86.Build.0 = Release|Win32
		{59206217-B0D5-42A1-9565-C9E10F33E3A0}.Debug|x64.ActiveCfg = Debug|x64
		{59206217-B0D5-42A1-9565-C9E10F33E3A0}.Debug|x64.Build.0 = Debug|x64
		{59206217-B0D5-42A1-9565-C9E10F33E3A0}.Debug|x86.ActiveCfg = Debug|Win32
		{59206217-B0D5-42A1-9565-C9E10F33E3A0}.Debug|x86.Build.0 = Debug|Win32
		{59206217-B0D5-42A1-9565-C9E10F33E3A0}.Release|x64.ActiveCfg = Release|x64
		{59206217-B0D5-42A1-9565-C9E10F33E3A0}.Release|x64.Build.0 = Release|x64
		{59206217-B0D5-42A1-9565-C9E10F33E3A0}.Release|x86.ActiveCfg = Release|Win32
		{59206217-B0D5-42A1-9565-C9E10F33E3A0}.Release|x86.Build.0 = Release|Win32
		{9E1BDF37-92C5-4373-A8BF-B3413D10A302}.Debug|x64.ActiveCfg = Debug|x64
		{9E1BDF37-92C5-4373-A8BF-B3413D10A302}.Debug|x64.Build.0 = Debug|x64
		{9E1BDF37-92C5-4373-A8BF-B3413D10A302}.Debug|x86.ActiveCfg = Debug|Win32
		{9E1BDF37-92C5-4373-A8BF-B3413D10A302}.Debug|x86.Build.0 = Debug|Win32
		{9E1BDF37-92C5-4373-A8BF-B3413D10A302}.Release|x64.ActiveCfg = Release|x64
		{9E1BDF37-92C5-4373-A8BF-B3413D10A302}.Release|x64.Build.0 = Release|x64
		{9E1BDF37-92C5-4373-A8BF-B3413D10A302}.Release|x86.ActiveCfg = Release|Win32
		{9E1BDF37-92C5-4373-A8BF-B3413D10A302}.Release|x86.Build.0 = Release|Win32
		{7AA93701-F2E9-4BDD-8B0C-5BAB0E4DB0C5}.Debug|x64.ActiveCfg = Debug|x64
		{7AA93701-F2E9-4BDD-8B0C-5BAB0E4DB0C5}.Debug|x64.Build.0 = Debug|x64
		{7AA93701-F2E9-4BDD-8B0C-5BAB0E4DB0C5}.Debug|x86.ActiveCfg = Debug|Win32
		{7AA93701-F2E9-4BDD-8B0C-5BAB0E4DB0C5}.Debug|x86.Build.0 = Debug|Win32
		{7AA93701-F2E9-4BDD-8B0C-5BAB0E4DB0C5}.Release|x64.ActiveCfg = Release|x64
		{7AA93701-F2E9-4BDD-8B0C-5BAB0E4DB0C5}.Release|x64.Build.0 = Release|x64
		{7AA93701-F2E9-4BDD-8B0C-5BAB0E4DB0C5}.Release|x86.ActiveCfg = Release|Win32
		{7AA93701-F2E9-4BDD-8B0C-5BAB0E4DB0C5}.Release|x86.Build.0 = Release|Win32
		{2130EC95-E195-46EB-8892-74AD9BFA1B6A}.Debug|x64.ActiveCfg = Debug|x64
		{2130EC95-E195-46EB-8892-74AD9BFA1B6A}.Debug|x64.Build.0 = Debug|x64
		{2130EC95-E195-46EB-8892-74AD9BFA1B6A}.Debug|x86.ActiveCfg = Debug|Win32
		{2130EC95-E195-46EB-8892-74AD9BFA1B6A}.Debug|x86.Build.0 = Debug|Win32
		{2130EC95-E195-46EB-8892-74AD9BFA1B6A}.Release|x64.ActiveCfg = Release|x64
		{2130EC95-E195-46EB-8892-74AD9BFA1B6A}.Release|x64.Build.0 = Release|x64
		{2130EC95-E195-46EB-8892-74AD9BFA1B6A}.Release|x86.ActiveCfg = Release|Win32
		{06E73B2B-3B0A-4C52-9523-1EC9545E75A2}.Debug|x64.ActiveCfg = Debug|x64
		{06E73B2B-3B0A-4C52-9523-1EC9545E75A2}.Debug|x64.Build.0 = Debug|x64
		{06E73B2B-3B0A-4C52-9523-1EC9545E75A2}.Debug|x86.ActiveCfg = Debug|Win32
		{06E73B2B-3B0A-4C52-9523-1EC9545E75A2}.Debug|x86.Build.0 = Debug|Win32
		{06E73B2B-3B0A-4C52-9523-1EC9545E75A2}.Release|x64.ActiveCfg = Release|x64
		{06E73B2B-3B0A-4C52-9523-1EC9545E75A2}.Release|x64.Build.0 = Release|x64
		{06E73B2B-3B0A-4C52-9523-1EC9545E75A2}.Release|x86.ActiveCfg = Release|Win32
		{06E73B2B-3B0A-4C52-9523-1EC9545E75A2}.Release|x86.Build.0 = Release|Win32
	EndGlobalSection
	GlobalSection(SolutionProperties) = preSolution
		HideSolutionNode = FALSE
	EndGlobalSection
	GlobalSection(NestedProjects) = preSolution
		{0000D25A-7CAF-45D1-BDBE-22296773C822} = {C8D5274F-AC00-46C7-1F8D-E88E81087A52}
		{640BB9B3-1086-4B8A-9B9C-C72DBEE91C55} = {A5681C10-9690-44D3-B440-FC890219A766}
		{59206217-B0D5-42A1-9565-C9E10F33E3A0} = {C8D5274F-AC00-46C7-1F8D-E88E81087A52}
		{9E1BDF37-92C5-4373-A8BF-B3413D10A302} = {C8D5274F-AC00-46C7-1F8D-E88E81087A52}
		{7AA93701-F2E9-4BDD-8B0C-5BAB0E4DB0C5} = {C8D5274F-AC00-46C7-1F8D-E88E81087A52}
		{2130EC95-E195-46EB-8892-74AD9BFA1B6A} = {C8D5274F-AC00-46C7-1F8D-E88E81087A52}
		{06E73B2B-3B0A-4C52-9523-1EC9545E75A2} = {C8D5274F-AC00-46C7-1F8D-E88E81087A52}
	EndGlobalSection
	GlobalSection(ExtensibilityGlobals) = postSolution
		SolutionGuid = {639D5921-4224-470F-98B0-2FF6C8380C12}
	EndGlobalSection
EndGlobal
