<?xml version="1.0" encoding="utf-8"?>
<Project ToolsVersion="4.0" xmlns="http://schemas.microsoft.com/developer/msbuild/2003">
  <ItemGroup>
    <Filter Include="00_App">
      <UniqueIdentifier>{de1f95be-d1ef-4bcc-8842-33d7bf6b06d1}</UniqueIdentifier>
    </Filter>
    <Filter Include="01_Scene">
      <UniqueIdentifier>{7cee3d7e-8a02-4965-9d90-a26ba7549b1b}</UniqueIdentifier>
    </Filter>
    <Filter Include="99_Utility">
      <UniqueIdentifier>{d3215c62-2859-44e6-8c33-5e0c30baf71a}</UniqueIdentifier>
    </Filter>
    <Filter Include="99_Utility\PCH">
      <UniqueIdentifier>{bc3f0eb4-4684-427e-8410-14a04216a2fd}</UniqueIdentifier>
    </Filter>
    <Filter Include="99_Utility\Math">
      <UniqueIdentifier>{845b7863-ec7c-48da-8b14-61ce493eb403}</UniqueIdentifier>
    </Filter>
    <Filter Include="99_Utility\Debug">
      <UniqueIdentifier>{a1ebb4ba-37af-4a65-aa5b-fab782c11d5b}</UniqueIdentifier>
    </Filter>
    <Filter Include="99_Utility\System">
      <UniqueIdentifier>{91157cb0-1255-455e-a1e9-955e3d18a21a}</UniqueIdentifier>
    </Filter>
    <Filter Include="99_Utility\Delegate">
      <UniqueIdentifier>{fb0035d4-51dd-4f85-ae64-e3cba25f66f7}</UniqueIdentifier>
    </Filter>
    <Filter Include="99_Utility\Resource">
      <UniqueIdentifier>{e4522485-119b-4e7b-9dcd-8a869bc3da84}</UniqueIdentifier>
    </Filter>
    <Filter Include="99_Utility\Resource\Animation">
      <UniqueIdentifier>{492e1d68-9762-47a3-9181-e6f6504c9f7c}</UniqueIdentifier>
    </Filter>
    <Filter Include="03_GameObject">
      <UniqueIdentifier>{addad49a-addf-4787-ba53-b31c7f368f52}</UniqueIdentifier>
    </Filter>
    <Filter Include="04_Component">
      <UniqueIdentifier>{bc625e84-564b-4d05-9f5c-f2cb78265dc9}</UniqueIdentifier>
    </Filter>
    <Filter Include="04_Component\Components">
      <UniqueIdentifier>{b8f4aaf3-a0a6-47f6-ad2e-5ded0f5c095a}</UniqueIdentifier>
    </Filter>
    <Filter Include="04_Component\Components\Renderer">
      <UniqueIdentifier>{695ae289-c7d7-4b0a-a444-c210823431e7}</UniqueIdentifier>
    </Filter>
    <Filter Include="04_Component\ComponentSystem">
      <UniqueIdentifier>{2a43d5bf-3358-4da7-8ea3-76e4e01c2df4}</UniqueIdentifier>
    </Filter>
    <Filter Include="04_Component\ComponentSystem\Systems">
      <UniqueIdentifier>{06b2f68c-ae28-43c3-9d1b-adb34ebaf7ad}</UniqueIdentifier>
    </Filter>
    <Filter Include="02_Object">
      <UniqueIdentifier>{3b0a15c2-4bf7-429e-a66c-4dd10bd924d6}</UniqueIdentifier>
    </Filter>
  </ItemGroup>
  <ItemGroup>
    <ClInclude Include="CoInitializer.h">
      <Filter>00_App</Filter>
    </ClInclude>
    <ClInclude Include="D2DRenderer.h">
      <Filter>00_App</Filter>
    </ClInclude>
    <ClInclude Include="WinApp.h">
      <Filter>00_App</Filter>
    </ClInclude>
    <ClInclude Include="Scene.h">
      <Filter>01_Scene</Filter>
    </ClInclude>
    <ClInclude Include="SceneManager.h">
      <Filter>01_Scene</Filter>
    </ClInclude>
    <ClInclude Include="GameObject.h">
      <Filter>03_GameObject</Filter>
    </ClInclude>
    <ClInclude Include="Camera.h">
      <Filter>04_Component\Components</Filter>
    </ClInclude>
    <ClInclude Include="PlayerInput.h">
      <Filter>04_Component\Components</Filter>
    </ClInclude>
    <ClInclude Include="Script.h">
      <Filter>04_Component\Components</Filter>
    </ClInclude>
    <ClInclude Include="Transform.h">
      <Filter>04_Component\Components</Filter>
    </ClInclude>
    <ClInclude Include="BitmapRendererSystem.h">
      <Filter>04_Component\ComponentSystem\Systems</Filter>
    </ClInclude>
    <ClInclude Include="PlayerInputSystem.h">
      <Filter>04_Component\ComponentSystem\Systems</Filter>
    </ClInclude>
    <ClInclude Include="ScriptSystem.h">
      <Filter>04_Component\ComponentSystem\Systems</Filter>
    </ClInclude>
    <ClInclude Include="TextRendererSystem.h">
      <Filter>04_Component\ComponentSystem\Systems</Filter>
    </ClInclude>
    <ClInclude Include="ComponentSystem.h">
      <Filter>04_Component\ComponentSystem</Filter>
    </ClInclude>
    <ClInclude Include="Component.h">
      <Filter>04_Component</Filter>
    </ClInclude>
    <ClInclude Include="pch.h">
      <Filter>99_Utility\PCH</Filter>
    </ClInclude>
    <ClInclude Include="Action.h">
      <Filter>99_Utility\Delegate</Filter>
    </ClInclude>
    <ClInclude Include="Vector2.h">
      <Filter>99_Utility\Math</Filter>
    </ClInclude>
    <ClInclude Include="Random.h">
      <Filter>99_Utility\Math</Filter>
    </ClInclude>
    <ClInclude Include="Matrix3x2.h">
      <Filter>99_Utility\Math</Filter>
    </ClInclude>
    <ClInclude Include="MyMath.h">
      <Filter>99_Utility\Math</Filter>
    </ClInclude>
    <ClInclude Include="Debug.h">
      <Filter>99_Utility\Debug</Filter>
    </ClInclude>
    <ClInclude Include="DebugSystem.h">
      <Filter>99_Utility\Debug</Filter>
    </ClInclude>
    <ClInclude Include="ContainerUtility.h">
      <Filter>99_Utility\System</Filter>
    </ClInclude>
    <ClInclude Include="framework.h">
      <Filter>99_Utility\System</Filter>
    </ClInclude>
    <ClInclude Include="MyTime.h">
      <Filter>99_Utility\System</Filter>
    </ClInclude>
    <ClInclude Include="MyTimeSystem.h">
      <Filter>99_Utility\System</Filter>
    </ClInclude>
    <ClInclude Include="Input.h">
      <Filter>99_Utility\System</Filter>
    </ClInclude>
    <ClInclude Include="Enum.h">
      <Filter>99_Utility\System</Filter>
    </ClInclude>
    <ClInclude Include="ResourceManager.h">
      <Filter>99_Utility\Resource</Filter>
    </ClInclude>
    <ClInclude Include="BitmapResource.h">
      <Filter>99_Utility\Resource</Filter>
    </ClInclude>
    <ClInclude Include="BitmapRenderer.h">
      <Filter>04_Component\Components\Renderer</Filter>
    </ClInclude>
    <ClInclude Include="TextRenderer.h">
      <Filter>04_Component\Components\Renderer</Filter>
    </ClInclude>
    <ClInclude Include="IRenderer.h">
      <Filter>04_Component\Components\Renderer</Filter>
    </ClInclude>
    <ClInclude Include="AnimationData.h">
      <Filter>99_Utility\Resource\Animation</Filter>
    </ClInclude>
    <ClInclude Include="Animator.h">
      <Filter>04_Component\Components</Filter>
    </ClInclude>
    <ClInclude Include="json.hpp">
      <Filter>99_Utility\Resource</Filter>
    </ClInclude>
    <ClInclude Include="AnimatorSystem.h">
      <Filter>04_Component\ComponentSystem\Systems</Filter>
    </ClInclude>
    <ClInclude Include="Screen.h">
      <Filter>99_Utility\System</Filter>
    </ClInclude>
    <ClInclude Include="Delegate.h">
      <Filter>99_Utility\Delegate</Filter>
    </ClInclude>
    <ClInclude Include="Object.h">
      <Filter>02_Object</Filter>
    </ClInclude>
    <ClInclude Include="Bound.h">
      <Filter>99_Utility\Math</Filter>
    </ClInclude>
  </ItemGroup>
  <ItemGroup>
    <ClCompile Include="ComponentSystem.cpp">
      <Filter>04_Component\ComponentSystem</Filter>
    </ClCompile>
    <ClCompile Include="Component.cpp">
      <Filter>04_Component</Filter>
    </ClCompile>
    <ClCompile Include="ScriptSystem.cpp">
      <Filter>04_Component\ComponentSystem\Systems</Filter>
    </ClCompile>
    <ClCompile Include="SceneManager.cpp">
      <Filter>01_Scene</Filter>
    </ClCompile>
    <ClCompile Include="Scene.cpp">
      <Filter>01_Scene</Filter>
    </ClCompile>
    <ClCompile Include="GameObject.cpp">
      <Filter>03_GameObject</Filter>
    </ClCompile>
    <ClCompile Include="Camera.cpp">
      <Filter>04_Component\Components</Filter>
    </ClCompile>
    <ClCompile Include="Script.cpp">
      <Filter>04_Component\Components</Filter>
    </ClCompile>
    <ClCompile Include="Transform.cpp">
      <Filter>04_Component\Components</Filter>
    </ClCompile>
    <ClCompile Include="D2DRenderer.cpp">
      <Filter>00_App</Filter>
    </ClCompile>
    <ClCompile Include="BitmapRendererSystem.cpp">
      <Filter>04_Component\ComponentSystem\Systems</Filter>
    </ClCompile>
    <ClCompile Include="WinApp.cpp">
      <Filter>00_App</Filter>
    </ClCompile>
    <ClCompile Include="TextRendererSystem.cpp">
      <Filter>04_Component\ComponentSystem\Systems</Filter>
    </ClCompile>
    <ClCompile Include="pch.cpp">
      <Filter>99_Utility\PCH</Filter>
    </ClCompile>
    <ClCompile Include="PlayerInput.cpp">
      <Filter>04_Component\Components</Filter>
    </ClCompile>
    <ClCompile Include="PlayerInputSystem.cpp">
      <Filter>04_Component\ComponentSystem\Systems</Filter>
    </ClCompile>
    <ClCompile Include="Random.cpp">
      <Filter>99_Utility\Math</Filter>
    </ClCompile>
    <ClCompile Include="Debug.cpp">
      <Filter>99_Utility\Debug</Filter>
    </ClCompile>
    <ClCompile Include="DebugSystem.cpp">
      <Filter>99_Utility\Debug</Filter>
    </ClCompile>
    <ClCompile Include="MyTime.cpp">
      <Filter>99_Utility\System</Filter>
    </ClCompile>
    <ClCompile Include="MyTimeSystem.cpp">
      <Filter>99_Utility\System</Filter>
    </ClCompile>
    <ClCompile Include="Input.cpp">
      <Filter>99_Utility\System</Filter>
    </ClCompile>
    <ClCompile Include="Vector2.cpp">
      <Filter>99_Utility\Math</Filter>
    </ClCompile>
    <ClCompile Include="ResourceManager.cpp">
      <Filter>99_Utility\Resource</Filter>
    </ClCompile>
    <ClCompile Include="BitmapResource.cpp">
      <Filter>99_Utility\Resource</Filter>
    </ClCompile>
    <ClCompile Include="BitmapRenderer.cpp">
      <Filter>04_Component\Components\Renderer</Filter>
    </ClCompile>
    <ClCompile Include="TextRenderer.cpp">
      <Filter>04_Component\Components\Renderer</Filter>
    </ClCompile>
    <ClCompile Include="IRenderer.cpp">
      <Filter>04_Component\Components\Renderer</Filter>
    </ClCompile>
    <ClCompile Include="AnimationData.cpp">
      <Filter>99_Utility\Resource\Animation</Filter>
    </ClCompile>
    <ClCompile Include="Animator.cpp">
      <Filter>04_Component\Components</Filter>
    </ClCompile>
    <ClCompile Include="AnimatorSystem.cpp">
      <Filter>04_Component\ComponentSystem\Systems</Filter>
    </ClCompile>
    <ClCompile Include="Screen.cpp">
      <Filter>99_Utility\System</Filter>
    </ClCompile>
    <ClCompile Include="Object.cpp">
      <Filter>02_Object</Filter>
    </ClCompile>
    <ClCompile Include="Bound.cpp">
      <Filter>99_Utility\Math</Filter>
    </ClCompile>
  </ItemGroup>
</Project>