<?xml version="1.0" encoding="utf-8"?>
<Project ToolsVersion="4.0" xmlns="http://schemas.microsoft.com/developer/msbuild/2003">
  <ItemGroup>
    <Filter Include="00_App">
      <UniqueIdentifier>{51276ee9-1f9e-44c4-96e9-0246a02700cb}</UniqueIdentifier>
    </Filter>
    <Filter Include="01_Scene">
      <UniqueIdentifier>{0387afae-b835-4f6f-9b7e-8a1643c0d1de}</UniqueIdentifier>
    </Filter>
    <Filter Include="02_Script">
      <UniqueIdentifier>{67eda1a9-4a03-42b6-9dcf-bd4ea239b4d7}</UniqueIdentifier>
    </Filter>
    <Filter Include="02_Script\TempDummies">
      <UniqueIdentifier>{8f7c4546-12f4-4c50-bb6a-9a6a74f9f40e}</UniqueIdentifier>
    </Filter>
    <Filter Include="02_Script\Player">
      <UniqueIdentifier>{ea073a68-f144-4b71-94fa-6c395e18778f}</UniqueIdentifier>
    </Filter>
    <Filter Include="02_Script\Player\PlayerState">
      <UniqueIdentifier>{d8463f08-7370-4d70-a4df-2f81b9f54687}</UniqueIdentifier>
    </Filter>
    <Filter Include="02_Script\Enemy">
      <UniqueIdentifier>{7fe386ca-d943-4a09-814c-ebd83e3e025e}</UniqueIdentifier>
    </Filter>
    <Filter Include="02_Script\Enemy\EnemyState">
      <UniqueIdentifier>{201286e8-ee1a-4be4-b8bb-78c2d53aec75}</UniqueIdentifier>
    </Filter>
    <Filter Include="02_Script\Enemy\Interact">
      <UniqueIdentifier>{32f1991e-ec03-468c-9626-ddbd3a51b185}</UniqueIdentifier>
    </Filter>
    <Filter Include="02_Script\Enemy\DummyEnemy">
      <UniqueIdentifier>{a031f923-5054-46ed-8379-eddcd1433b64}</UniqueIdentifier>
    </Filter>
  </ItemGroup>
  <ItemGroup>
    <ClCompile Include="Main.cpp">
      <Filter>00_App</Filter>
    </ClCompile>
    <ClCompile Include="CombatTest.cpp">
      <Filter>00_App</Filter>
    </ClCompile>
    <ClCompile Include="Scene1.cpp">
      <Filter>01_Scene</Filter>
    </ClCompile>
    <ClCompile Include="PlayerDashState.cpp">
      <Filter>02_Script\Player\PlayerState</Filter>
    </ClCompile>
    <ClCompile Include="PlayerEvadeState.cpp">
      <Filter>02_Script\Player\PlayerState</Filter>
    </ClCompile>
    <ClCompile Include="PlayerIdleState.cpp">
      <Filter>02_Script\Player\PlayerState</Filter>
    </ClCompile>
    <ClCompile Include="PlayerWalkState.cpp">
      <Filter>02_Script\Player\PlayerState</Filter>
    </ClCompile>
    <ClCompile Include="PlayerStateBase.cpp">
      <Filter>02_Script\Player\PlayerState</Filter>
    </ClCompile>
    <ClCompile Include="PlayerNormalAttackState.cpp">
      <Filter>02_Script\Player\PlayerState</Filter>
    </ClCompile>
    <ClCompile Include="FollowCameraController.cpp">
      <Filter>02_Script</Filter>
    </ClCompile>
    <ClCompile Include="DummyIdle.cpp">
      <Filter>02_Script\TempDummies</Filter>
    </ClCompile>
    <ClCompile Include="DummyP.cpp">
      <Filter>02_Script\TempDummies</Filter>
    </ClCompile>
    <ClCompile Include="DummyPlayerAttack.cpp">
      <Filter>02_Script\TempDummies</Filter>
    </ClCompile>
    <ClCompile Include="Player.cpp">
      <Filter>02_Script\Player</Filter>
    </ClCompile>
    <ClCompile Include="PlayerNormalAttack.cpp">
      <Filter>02_Script\Player</Filter>
    </ClCompile>
    <ClCompile Include="EnemyBase.cpp">
      <Filter>02_Script\Enemy</Filter>
    </ClCompile>
    <ClCompile Include="EnemyBaseIdle.cpp">
      <Filter>02_Script\Enemy\EnemyState</Filter>
    </ClCompile>
    <ClCompile Include="EnemyBaseMove.cpp">
      <Filter>02_Script\Enemy\EnemyState</Filter>
    </ClCompile>
    <ClCompile Include="EnemyEngage.cpp">
      <Filter>02_Script\Enemy\EnemyState</Filter>
    </ClCompile>
    <ClCompile Include="EnemyInArea.cpp">
      <Filter>02_Script\Enemy\EnemyState</Filter>
    </ClCompile>
    <ClCompile Include="EnemyOnAttack.cpp">
      <Filter>02_Script\Enemy\EnemyState</Filter>
    </ClCompile>
    <ClCompile Include="EnemyOnEvade.cpp">
      <Filter>02_Script\Enemy\EnemyState</Filter>
    </ClCompile>
    <ClCompile Include="EnemyOutOfArea.cpp">
      <Filter>02_Script\Enemy\EnemyState</Filter>
    </ClCompile>
    <ClCompile Include="EnemyReturn.cpp">
      <Filter>02_Script\Enemy\EnemyState</Filter>
    </ClCompile>
    <ClCompile Include="EnemyState.cpp">
      <Filter>02_Script\Enemy\EnemyState</Filter>
    </ClCompile>
    <ClCompile Include="EnemyTestScene.cpp">
      <Filter>02_Script\TempDummies</Filter>
    </ClCompile>
    <ClCompile Include="EnemyInteract.cpp">
      <Filter>02_Script\Enemy\Interact</Filter>
    </ClCompile>
    <ClCompile Include="PlayerHeavyAttack.cpp">
      <Filter>02_Script\Player</Filter>
    </ClCompile>
    <ClCompile Include="DummyEnemy.cpp">
      <Filter>02_Script\Enemy\DummyEnemy</Filter>
    </ClCompile>
    <ClCompile Include="DummyEnemyAttack.cpp">
      <Filter>02_Script\Enemy\DummyEnemy</Filter>
    </ClCompile>
    <ClCompile Include="PlayerHeavyAttackState.cpp">
      <Filter>02_Script\Player\PlayerState</Filter>
    </ClCompile>
    <ClCompile Include="PlayerKnockbackState.cpp">
      <Filter>02_Script\Player\PlayerState</Filter>
    </ClCompile>
    <ClCompile Include="PlayerKnockdownState.cpp">
      <Filter>02_Script\Player\PlayerState</Filter>
    </ClCompile>
    <ClCompile Include="TempEnemyAttack.cpp">
      <Filter>02_Script\Enemy</Filter>
    </ClCompile>
    <ClCompile Include="EnemyKnockdown.cpp">
      <Filter>02_Script\Enemy\EnemyState</Filter>
    </ClCompile>
  </ItemGroup>
  <ItemGroup>
    <ClInclude Include="CombatTest.h">
      <Filter>00_App</Filter>
    </ClInclude>
    <ClInclude Include="Scene1.h">
      <Filter>01_Scene</Filter>
    </ClInclude>
    <ClInclude Include="AttackStateEnum.h">
      <Filter>02_Script</Filter>
    </ClInclude>
    <ClInclude Include="PlayerDashState.h">
      <Filter>02_Script\Player\PlayerState</Filter>
    </ClInclude>
    <ClInclude Include="PlayerEvadeState.h">
      <Filter>02_Script\Player\PlayerState</Filter>
    </ClInclude>
    <ClInclude Include="PlayerIdleState.h">
      <Filter>02_Script\Player\PlayerState</Filter>
    </ClInclude>
    <ClInclude Include="PlayerWalkState.h">
      <Filter>02_Script\Player\PlayerState</Filter>
    </ClInclude>
    <ClInclude Include="PlayerStateBase.h">
      <Filter>02_Script\Player\PlayerState</Filter>
    </ClInclude>
    <ClInclude Include="PlayerNormalAttackState.h">
      <Filter>02_Script\Player\PlayerState</Filter>
    </ClInclude>
    <ClInclude Include="FollowCameraController.h">
      <Filter>02_Script</Filter>
    </ClInclude>
    <ClInclude Include="DummyIdle.h">
      <Filter>02_Script\TempDummies</Filter>
    </ClInclude>
    <ClInclude Include="DummyP.h">
      <Filter>02_Script\TempDummies</Filter>
    </ClInclude>
    <ClInclude Include="DummyPlayerAttack.h">
      <Filter>02_Script\TempDummies</Filter>
    </ClInclude>
    <ClInclude Include="Player.h">
      <Filter>02_Script\Player</Filter>
    </ClInclude>
    <ClInclude Include="PlayerNormalAttack.h">
      <Filter>02_Script\Player</Filter>
    </ClInclude>
    <ClInclude Include="EnemyBase.h">
      <Filter>02_Script\Enemy</Filter>
    </ClInclude>
    <ClInclude Include="EnemyBaseIdle.h">
      <Filter>02_Script\Enemy\EnemyState</Filter>
    </ClInclude>
    <ClInclude Include="EnemyBaseMove.h">
      <Filter>02_Script\Enemy\EnemyState</Filter>
    </ClInclude>
    <ClInclude Include="EnemyEngage.h">
      <Filter>02_Script\Enemy\EnemyState</Filter>
    </ClInclude>
    <ClInclude Include="EnemyInArea.h">
      <Filter>02_Script\Enemy\EnemyState</Filter>
    </ClInclude>
    <ClInclude Include="EnemyOnAttack.h">
      <Filter>02_Script\Enemy\EnemyState</Filter>
    </ClInclude>
    <ClInclude Include="EnemyOnEvade.h">
      <Filter>02_Script\Enemy\EnemyState</Filter>
    </ClInclude>
    <ClInclude Include="EnemyOutOfArea.h">
      <Filter>02_Script\Enemy\EnemyState</Filter>
    </ClInclude>
    <ClInclude Include="EnemyReturn.h">
      <Filter>02_Script\Enemy\EnemyState</Filter>
    </ClInclude>
    <ClInclude Include="EnemyState.h">
      <Filter>02_Script\Enemy\EnemyState</Filter>
    </ClInclude>
    <ClInclude Include="EnemyTestScene.h">
      <Filter>02_Script\TempDummies</Filter>
    </ClInclude>
    <ClInclude Include="EnemyInteract.h">
      <Filter>02_Script\Enemy\Interact</Filter>
    </ClInclude>
    <ClInclude Include="PlayerHeavyAttack.h">
      <Filter>02_Script\Player</Filter>
    </ClInclude>
    <ClInclude Include="DummyEnemy.h">
      <Filter>02_Script\Enemy\DummyEnemy</Filter>
    </ClInclude>
    <ClInclude Include="DummyEnemyAttack.h">
      <Filter>02_Script\Enemy\DummyEnemy</Filter>
    </ClInclude>
    <ClInclude Include="PlayerHeavyAttackState.h">
      <Filter>02_Script\Player\PlayerState</Filter>
    </ClInclude>
    <ClInclude Include="PlayerKnockbackState.h">
      <Filter>02_Script\Player\PlayerState</Filter>
    </ClInclude>
    <ClInclude Include="PlayerKnockdownState.h">
      <Filter>02_Script\Player\PlayerState</Filter>
    </ClInclude>
    <ClInclude Include="TempEnemyAttack.h">
      <Filter>02_Script\Enemy</Filter>
    </ClInclude>
    <ClInclude Include="EnemyKnockdown.h">
      <Filter>02_Script\Enemy\EnemyState</Filter>
    </ClInclude>
  </ItemGroup>
</Project>